{
  "originHash" : "3ebaa2a0e203c455a8fb4c857bb4bb1230d0ee16ad547167ec4a2aeeab6de476",
  "pins" : [
    {
      "identity" : "capacitor-swift-pm",
      "kind" : "remoteSourceControl",
      "location" : "https://github.com/ionic-team/capacitor-swift-pm.git",
      "state" : {
        "revision" : "4f71d0b979f2f957326f04353eca7604ee937e1e",
        "version" : "8.5.0"
      }
    },
    {
      "identity" : "ion-ios-geolocation",
      "kind" : "remoteSourceControl",
      "location" : "https://github.com/ionic-team/ion-ios-geolocation.git",
      "state" : {
        "revision" : "db363927d3a954e3ea24d2e72b6e9814769a84be",
        "version" : "2.1.1"
      }
    },
    {
      "identity" : "spm-nmapsgeometry",
      "kind" : "remoteSourceControl",
      "location" : "https://github.com/navermaps/SPM-NMapsGeometry.git",
      "state" : {
        "revision" : "436d5e2e684f557faf5ef5862fd6633a42d7af11",
        "version" : "1.0.2"
      }
    },
    {
      "identity" : "spm-nmapsmap",
      "kind" : "remoteSourceControl",
      "location" : "https://github.com/navermaps/SPM-NMapsMap.git",
      "state" : {
        "revision" : "14e1cfa1e270458fc58b0cd8827c87b3cee905ab",
        "version" : "3.23.3"
      }
    }
  ],
  "version" : 3
}
